
Microsoft Visual Studio Solution File, Format Version 12.00
# Visual Studio Version 17
VisualStudioVersion = 17.3.32901.215
MinimumVisualStudioVersion = 10.0.40219.1
Project("{FAE04EC0-301F-11D3-BF4B-00C04F79EFBC}") = "sorunet hesaplama", "sorunet hesaplama\sorunet hesaplama.csproj", "{2C57E600-8120-441C-9525-8DDEDD6E2DB2}"
EndProject
Global
	GlobalSection(SolutionConfigurationPlatforms) = preSolution
		Debug|Any CPU = Debug|Any CPU
		Release|Any CPU = Release|Any CPU
	EndGlobalSection
	GlobalSection(ProjectConfigurationPlatforms) = postSolution
		{2C57E600-8120-441C-9525-8DDEDD6E2DB2}.Debug|Any CPU.ActiveCfg = Debug|Any CPU
		{2C57E600-8120-441C-9525-8DDEDD6E2DB2}.Debug|Any CPU.Build.0 = Debug|Any CPU
		{2C57E600-8120-441C-9525-8DDEDD6E2DB2}.Release|Any CPU.ActiveCfg = Release|Any CPU
		{2C57E600-8120-441C-9525-8DDEDD6E2DB2}.Release|Any CPU.Build.0 = Release|Any CPU
	EndGlobalSection
	GlobalSection(SolutionProperties) = preSolution
		HideSolutionNode = FALSE
	EndGlobalSection
	GlobalSection(ExtensibilityGlobals) = postSolution
		SolutionGuid = {7582D4D1-8D23-459E-B440-156DC15D17DB}
	EndGlobalSection
EndGlobal
